{
  "name": "azure-iot-edge-vsts-extension-task",
  "version": "1.1.2",
  "lockfileVersion": 1,
  "requires": true,
  "dependencies": {
    "@azure/abort-controller": {
      "version": "2.1.2",
      "resolved": "https://registry.npmjs.org/@azure/abort-controller/-/abort-controller-2.1.2.tgz",
      "integrity": "sha512-nBrLsEWm4J2u5LpAPjxADTlq3trDgVZZXHNKabeXZtpq3d3AbN/KGO82R87rdDz5/lYB024rtEf10/q0urNgsA==",
      "requires": {
        "tslib": "^2.6.2"
      }
    },
    "@azure/core-auth": {
      "version": "1.7.2",
      "resolved": "https://registry.npmjs.org/@azure/core-auth/-/core-auth-1.7.2.tgz",
      "integrity": "sha512-Igm/S3fDYmnMq1uKS38Ae1/m37B3zigdlZw+kocwEhh5GjyKjPrXKO2J6rzpC1wAxrNil/jX9BJRqBshyjnF3g==",
      "requires": {
        "@azure/abort-controller": "^2.0.0",
        "@azure/core-util": "^1.1.0",
        "tslib": "^2.6.2"
      }
    },
    "@azure/core-rest-pipeline": {
      "version": "1.12.0",
      "resolved": "https://registry.npmjs.org/@azure/core-rest-pipeline/-/core-rest-pipeline-1.12.0.tgz",
      "integrity": "sha512-+MnSB0vGZjszSzr5AW8z93/9fkDu2RLtWmAN8gskURq7EW2sSwqy8jZa0V26rjuBVkwhdA3Hw8z3VWoeBUOw+A==",
      "requires": {
        "@azure/abort-controller": "^1.0.0",
        "@azure/core-auth": "^1.4.0",
        "@azure/core-tracing": "^1.0.1",
        "@azure/core-util": "^1.3.0",
        "@azure/logger": "^1.0.0",
        "form-data": "^4.0.0",
        "http-proxy-agent": "^5.0.0",
        "https-proxy-agent": "^5.0.0",
        "tslib": "^2.2.0"
      },
      "dependencies": {
        "@azure/abort-controller": {
          "version": "1.1.0",
          "resolved": "https://registry.npmjs.org/@azure/abort-controller/-/abort-controller-1.1.0.tgz",
          "integrity": "sha512-TrRLIoSQVzfAJX9H1JeFjzAoDGcoK1IYX1UImfceTZpsyYfWr09Ss1aHW1y5TrrR3iq6RZLBwJ3E24uwPhwahw==",
          "requires": {
            "tslib": "^2.2.0"
          }
        }
      }
    },
    "@azure/core-tracing": {
      "version": "1.1.2",
      "resolved": "https://registry.npmjs.org/@azure/core-tracing/-/core-tracing-1.1.2.tgz",
      "integrity": "sha512-dawW9ifvWAWmUm9/h+/UQ2jrdvjCJ7VJEuCJ6XVNudzcOwm53BFZH4Q845vjfgoUAM8ZxokvVNxNxAITc502YA==",
      "requires": {
        "tslib": "^2.6.2"
      }
    },
    "@azure/core-util": {
      "version": "1.4.0",
      "resolved": "https://registry.npmjs.org/@azure/core-util/-/core-util-1.4.0.tgz",
      "integrity": "sha512-eGAyJpm3skVQoLiRqm/xPa+SXi/NPDdSHMxbRAz2lSprd+Zs+qrpQGQQ2VQ3Nttu+nSZR4XoYQC71LbEI7jsig==",
      "requires": {
        "@azure/abort-controller": "^1.0.0",
        "tslib": "^2.2.0"
      },
      "dependencies": {
        "@azure/abort-controller": {
          "version": "1.1.0",
          "resolved": "https://registry.npmjs.org/@azure/abort-controller/-/abort-controller-1.1.0.tgz",
          "integrity": "sha512-TrRLIoSQVzfAJX9H1JeFjzAoDGcoK1IYX1UImfceTZpsyYfWr09Ss1aHW1y5TrrR3iq6RZLBwJ3E24uwPhwahw==",
          "requires": {
            "tslib": "^2.2.0"
          }
        }
      }
    },
    "@azure/logger": {
      "version": "1.1.4",
      "resolved": "https://registry.npmjs.org/@azure/logger/-/logger-1.1.4.tgz",
      "integrity": "sha512-4IXXzcCdLdlXuCG+8UKEwLA1T1NHqUfanhXYHiQTn+6sfWCZXduqbtXDGceg3Ce5QxTGo7EqmbV6Bi+aqKuClQ==",
      "requires": {
        "tslib": "^2.6.2"
      }
    },
    "@azure/opentelemetry-instrumentation-azure-sdk": {
      "version": "1.0.0-beta.6",
      "resolved": "https://registry.npmjs.org/@azure/opentelemetry-instrumentation-azure-sdk/-/opentelemetry-instrumentation-azure-sdk-1.0.0-beta.6.tgz",
      "integrity": "sha512-JP6TJ7vDNX6r0gN2+EQBINTNqZ86frl1RAj5STtbLP1ClgIhcdXXb0hvq7CuEOv7InrroHMDoEYG80OQcWChug==",
      "requires": {
        "@azure/core-tracing": "^1.0.0",
        "@azure/logger": "^1.0.0",
        "@opentelemetry/api": "^1.9.0",
        "@opentelemetry/core": "^1.25.1",
        "@opentelemetry/instrumentation": "^0.52.1",
        "tslib": "^2.2.0"
      }
    },
    "@microsoft/applicationinsights-web-snippet": {
      "version": "1.2.1",
      "resolved": "https://registry.npmjs.org/@microsoft/applicationinsights-web-snippet/-/applicationinsights-web-snippet-1.2.1.tgz",
      "integrity": "sha512-+Cy9zFqdQgdAbMK1dpm7B+3DUnrByai0Tq6XG9v737HJpW6G1EiNNbTuFeXdPWyGaq6FIx9jxm/SUcxA6/Rxxg=="
    },
    "@opentelemetry/api": {
      "version": "1.9.0",
      "resolved": "https://registry.npmjs.org/@opentelemetry/api/-/api-1.9.0.tgz",
      "integrity": "sha512-3giAOQvZiH5F9bMlMiv8+GSPMeqg0dbaeo58/0SlA9sxSqZhnUtxzX9/2FzyhS9sWQf5S0GJE0AKBrFqjpeYcg=="
    },
    "@opentelemetry/api-logs": {
      "version": "0.52.1",
      "resolved": "https://registry.npmjs.org/@opentelemetry/api-logs/-/api-logs-0.52.1.tgz",
      "integrity": "sha512-qnSqB2DQ9TPP96dl8cDubDvrUyWc0/sK81xHTK8eSUspzDM3bsewX903qclQFvVhgStjRWdC5bLb3kQqMkfV5A==",
      "requires": {
        "@opentelemetry/api": "^1.0.0"
      }
    },
    "@opentelemetry/core": {
      "version": "1.26.0",
      "resolved": "https://registry.npmjs.org/@opentelemetry/core/-/core-1.26.0.tgz",
      "integrity": "sha512-1iKxXXE8415Cdv0yjG3G6hQnB5eVEsJce3QaawX8SjDn0mAS0ZM8fAbZZJD4ajvhC15cePvosSCut404KrIIvQ==",
      "requires": {
        "@opentelemetry/semantic-conventions": "1.27.0"
      }
    },
    "@opentelemetry/instrumentation": {
      "version": "0.52.1",
      "resolved": "https://registry.npmjs.org/@opentelemetry/instrumentation/-/instrumentation-0.52.1.tgz",
      "integrity": "sha512-uXJbYU/5/MBHjMp1FqrILLRuiJCs3Ofk0MeRDk8g1S1gD47U8X3JnSwcMO1rtRo1x1a7zKaQHaoYu49p/4eSKw==",
      "requires": {
        "@opentelemetry/api-logs": "0.52.1",
        "@types/shimmer": "^1.0.2",
        "import-in-the-middle": "^1.8.1",
        "require-in-the-middle": "^7.1.1",
        "semver": "^7.5.2",
        "shimmer": "^1.2.1"
      },
      "dependencies": {
        "semver": {
          "version": "7.6.3",
          "resolved": "https://registry.npmjs.org/semver/-/semver-7.6.3.tgz",
          "integrity": "sha512-oVekP1cKtI+CTDvHWYFUcMtsK/00wmAEfyqKfNdARm8u1wNVhSgaX7A8d4UuIlUI5e84iEwOhs7ZPYRmzU9U6A=="
        }
      }
    },
    "@opentelemetry/resources": {
      "version": "1.26.0",
      "resolved": "https://registry.npmjs.org/@opentelemetry/resources/-/resources-1.26.0.tgz",
      "integrity": "sha512-CPNYchBE7MBecCSVy0HKpUISEeJOniWqcHaAHpmasZ3j9o6V3AyBzhRc90jdmemq0HOxDr6ylhUbDhBqqPpeNw==",
      "requires": {
        "@opentelemetry/core": "1.26.0",
        "@opentelemetry/semantic-conventions": "1.27.0"
      }
    },
    "@opentelemetry/sdk-trace-base": {
      "version": "1.26.0",
      "resolved": "https://registry.npmjs.org/@opentelemetry/sdk-trace-base/-/sdk-trace-base-1.26.0.tgz",
      "integrity": "sha512-olWQldtvbK4v22ymrKLbIcBi9L2SpMO84sCPY54IVsJhP9fRsxJT194C/AVaAuJzLE30EdhhM1VmvVYR7az+cw==",
      "requires": {
        "@opentelemetry/core": "1.26.0",
        "@opentelemetry/resources": "1.26.0",
        "@opentelemetry/semantic-conventions": "1.27.0"
      }
    },
    "@opentelemetry/semantic-conventions": {
      "version": "1.27.0",
      "resolved": "https://registry.npmjs.org/@opentelemetry/semantic-conventions/-/semantic-conventions-1.27.0.tgz",
      "integrity": "sha512-sAay1RrB+ONOem0OZanAR1ZI/k7yDpnOQSQmTMuGImUQb2y8EbSaCJ94FQluM74xoU03vlb2d2U90hZluL6nQg=="
    },
    "@tootallnate/once": {
      "version": "2.0.0",
      "resolved": "https://registry.npmjs.org/@tootallnate/once/-/once-2.0.0.tgz",
      "integrity": "sha512-XCuKFP5PS55gnMVu3dty8KPatLqUoy/ZYzDzAGCQ8JNFCkLXzmI7vNHCR+XpbZaMWQK/vQubr7PkYq8g470J/A=="
    },
    "@types/node": {
      "version": "9.6.39",
      "resolved": "https://registry.npmjs.org/@types/node/-/node-9.6.39.tgz",
      "integrity": "sha512-c3OkjgNpSMdHan56WhklP0FMOk5ocilKz2Mpa0NOGzu8jw5YERjCf9FG0epYB1+TxScv/oI4uJ204u2mUg7Hcw=="
    },
    "@types/q": {
      "version": "1.5.1",
      "resolved": "https://registry.npmjs.org/@types/q/-/q-1.5.1.tgz",
      "integrity": "sha512-eqz8c/0kwNi/OEHQfvIuJVLTst3in0e7uTKeuY+WL/zfKn0xVujOTp42bS/vUUokhK5P2BppLd9JXMOMHcgbjA=="
    },
    "@types/shimmer": {
      "version": "1.2.0",
      "resolved": "https://registry.npmjs.org/@types/shimmer/-/shimmer-1.2.0.tgz",
      "integrity": "sha512-UE7oxhQLLd9gub6JKIAhDq06T0F6FnztwMNRvYgjeQSBeMc1ZG/tA47EwfduvkuQS8apbkM/lpLpWsaCeYsXVg=="
    },
    "acorn": {
      "version": "8.12.1",
      "resolved": "https://registry.npmjs.org/acorn/-/acorn-8.12.1.tgz",
      "integrity": "sha512-tcpGyI9zbizT9JbV6oYE477V6mTlXvvi0T0G3SNIYE2apm/G5huBa1+K89VGeovbg+jycCrfhl3ADxErOuO6Jg=="
    },
    "acorn-import-attributes": {
      "version": "1.9.5",
      "resolved": "https://registry.npmjs.org/acorn-import-attributes/-/acorn-import-attributes-1.9.5.tgz",
      "integrity": "sha512-n02Vykv5uA3eHGM/Z2dQrcD56kL8TyDb2p1+0P83PClMnC/nc+anbQRhIOWnSq4Ke/KvDPrY3C9hDtC/A3eHnQ=="
    },
    "adm-zip": {
      "version": "0.5.16",
      "resolved": "https://registry.npmjs.org/adm-zip/-/adm-zip-0.5.16.tgz",
      "integrity": "sha512-TGw5yVi4saajsSEgz25grObGHEUaDrniwvA2qwSC060KfqGPdglhvPMA2lPIoxs3PQIItj2iag35fONcQqgUaQ=="
    },
    "agent-base": {
      "version": "6.0.2",
      "resolved": "https://registry.npmjs.org/agent-base/-/agent-base-6.0.2.tgz",
      "integrity": "sha512-RZNwNclF7+MS/8bDg70amg32dyeZGZxiDuQmZxKLAlQjr3jGyLx+4Kkk58UO7D2QdgFIQCovuSuZESne6RG6XQ==",
      "requires": {
        "debug": "4"
      }
    },
    "applicationinsights": {
      "version": "2.7.1",
      "resolved": "https://registry.npmjs.org/applicationinsights/-/applicationinsights-2.7.1.tgz",
      "integrity": "sha512-N6uh3Di0uJo2vVCkBLqawgPGrkY2o1L3l7KouDeFFSmgUvZnKmoYWPKkMOUmNcKYIplY2Xb0bpU5T2Ht3ofdRg==",
      "requires": {
        "@azure/core-auth": "^1.5.0",
        "@azure/core-rest-pipeline": "1.12.0",
        "@azure/core-util": "1.4.0",
        "@azure/opentelemetry-instrumentation-azure-sdk": "^1.0.0-beta.5",
        "@microsoft/applicationinsights-web-snippet": "^1.0.1",
        "@opentelemetry/api": "^1.4.1",
        "@opentelemetry/core": "^1.15.2",
        "@opentelemetry/sdk-trace-base": "^1.15.2",
        "@opentelemetry/semantic-conventions": "^1.15.2",
        "cls-hooked": "^4.2.2",
        "continuation-local-storage": "^3.2.1",
        "diagnostic-channel": "1.1.1",
        "diagnostic-channel-publishers": "1.0.7"
      }
    },
    "argparse": {
      "version": "1.0.10",
      "resolved": "https://registry.npmjs.org/argparse/-/argparse-1.0.10.tgz",
      "integrity": "sha512-o5Roy6tNG4SL/FOkCAN6RzjiakZS25RLYFrcMttJqbdd8BWrnA+fGz57iN5Pb06pvBGvl5gQ0B48dJlslXvoTg==",
      "requires": {
        "sprintf-js": "~1.0.2"
      }
    },
    "async-hook-jl": {
      "version": "1.7.6",
      "resolved": "https://registry.npmjs.org/async-hook-jl/-/async-hook-jl-1.7.6.tgz",
      "integrity": "sha512-gFaHkFfSxTjvoxDMYqDuGHlcRyUuamF8s+ZTtJdDzqjws4mCt7v0vuV79/E2Wr2/riMQgtG4/yUtXWs1gZ7JMg==",
      "requires": {
        "stack-chain": "^1.3.7"
      }
    },
    "async-listener": {
      "version": "0.6.10",
      "resolved": "https://registry.npmjs.org/async-listener/-/async-listener-0.6.10.tgz",
      "integrity": "sha512-gpuo6xOyF4D5DE5WvyqZdPA3NGhiT6Qf07l7DCB0wwDEsLvDIbCr6j9S5aj5Ch96dLace5tXVzWBZkxU/c5ohw==",
      "requires": {
        "semver": "^5.3.0",
        "shimmer": "^1.1.0"
      }
    },
    "asynckit": {
      "version": "0.4.0",
      "resolved": "https://registry.npmjs.org/asynckit/-/asynckit-0.4.0.tgz",
      "integrity": "sha512-Oei9OH4tRh0YqU3GxhX79dM/mwVgvbZJaSNaRk+bshkj0S5cfHcgYakreBjrHwatXKbz+IoIdYLxrKim2MjW0Q=="
    },
    "azure-pipelines-task-lib": {
      "version": "4.16.0",
      "resolved": "https://registry.npmjs.org/azure-pipelines-task-lib/-/azure-pipelines-task-lib-4.16.0.tgz",
      "integrity": "sha512-hjyDi5GI1cFmS2o6GzTFPqloeTZBeaTLOjPn/H3CVr0vV/MV+eYoWszVe9kn7XnRSiv22j3p4Rhw/Sy4v1okxA==",
      "requires": {
        "adm-zip": "^0.5.10",
        "minimatch": "3.0.5",
        "nodejs-file-downloader": "^4.11.1",
        "q": "^1.5.1",
        "semver": "^5.7.2",
        "shelljs": "^0.8.5",
        "uuid": "^3.0.1"
      },
      "dependencies": {
        "minimatch": {
          "version": "3.0.5",
          "resolved": "https://registry.npmjs.org/minimatch/-/minimatch-3.0.5.tgz",
          "integrity": "sha512-tUpxzX0VAzJHjLu0xUfFv1gwVp9ba3IOuRAVH2EGuRW8a5emA2FlACLqiT/lDVtS1W+TGNwqz3sWaNyLgDJWuw==",
          "requires": {
            "brace-expansion": "^1.1.7"
          }
        },
        "semver": {
          "version": "5.7.2",
          "resolved": "https://registry.npmjs.org/semver/-/semver-5.7.2.tgz",
          "integrity": "sha512-cBznnQ9KjJqU67B52RMC65CMarK2600WFnbkcaiwWq3xy/5haFJlshgnpjovMVJ+Hff49d8GEn0b87C5pDQ10g=="
        },
        "shelljs": {
          "version": "0.8.5",
          "resolved": "https://registry.npmjs.org/shelljs/-/shelljs-0.8.5.tgz",
          "integrity": "sha512-TiwcRcrkhHvbrZbnRcFYMLl30Dfov3HKqzp5tO5b4pt6G/SezKcYhmDg15zXVBswHmctSAQKznqNW2LO5tTDow==",
          "requires": {
            "glob": "^7.0.0",
            "interpret": "^1.0.0",
            "rechoir": "^0.6.2"
          }
        }
      }
    },
    "balanced-match": {
      "version": "1.0.0",
      "resolved": "https://registry.npmjs.org/balanced-match/-/balanced-match-1.0.0.tgz",
      "integrity": "sha1-ibTRmasr7kneFk6gK4nORi1xt2c="
    },
    "brace-expansion": {
      "version": "1.1.11",
      "resolved": "https://registry.npmjs.org/brace-expansion/-/brace-expansion-1.1.11.tgz",
      "integrity": "sha512-iCuPHDFgrHX7H2vEI/5xpz07zSHB00TpugqhmYtVmMO6518mCuRMoOYFldEBl0g187ufozdaHgWKcYFb61qGiA==",
      "requires": {
        "balanced-match": "^1.0.0",
        "concat-map": "0.0.1"
      }
    },
    "cjs-module-lexer": {
      "version": "1.4.0",
      "resolved": "https://registry.npmjs.org/cjs-module-lexer/-/cjs-module-lexer-1.4.0.tgz",
      "integrity": "sha512-N1NGmowPlGBLsOZLPvm48StN04V4YvQRL0i6b7ctrVY3epjP/ct7hFLOItz6pDIvRjwpfPxi52a2UWV2ziir8g=="
    },
    "cls-hooked": {
      "version": "4.2.2",
      "resolved": "https://registry.npmjs.org/cls-hooked/-/cls-hooked-4.2.2.tgz",
      "integrity": "sha512-J4Xj5f5wq/4jAvcdgoGsL3G103BtWpZrMo8NEinRltN+xpTZdI+M38pyQqhuFU/P792xkMFvnKSf+Lm81U1bxw==",
      "requires": {
        "async-hook-jl": "^1.7.6",
        "emitter-listener": "^1.0.1",
        "semver": "^5.4.1"
      }
    },
    "combined-stream": {
      "version": "1.0.8",
      "resolved": "https://registry.npmjs.org/combined-stream/-/combined-stream-1.0.8.tgz",
      "integrity": "sha512-FQN4MRfuJeHf7cBbBMJFXhKSDq+2kAArBlmRBvcvFE5BB1HZKXtSFASDhdlz9zOYwxh8lDdnvmMOe/+5cdoEdg==",
      "requires": {
        "delayed-stream": "~1.0.0"
      }
    },
    "concat-map": {
      "version": "0.0.1",
      "resolved": "https://registry.npmjs.org/concat-map/-/concat-map-0.0.1.tgz",
      "integrity": "sha1-2Klr13/Wjfd5OnMDajug1UBdR3s="
    },
    "continuation-local-storage": {
      "version": "3.2.1",
      "resolved": "https://registry.npmjs.org/continuation-local-storage/-/continuation-local-storage-3.2.1.tgz",
      "integrity": "sha512-jx44cconVqkCEEyLSKWwkvUXwO561jXMa3LPjTPsm5QR22PA0/mhe33FT4Xb5y74JDvt/Cq+5lm8S8rskLv9ZA==",
      "requires": {
        "async-listener": "^0.6.0",
        "emitter-listener": "^1.1.1"
      }
    },
    "debug": {
      "version": "4.3.6",
      "resolved": "https://registry.npmjs.org/debug/-/debug-4.3.6.tgz",
      "integrity": "sha512-O/09Bd4Z1fBrU4VzkhFqVgpPzaGbw6Sm9FEkBT1A/YBXQFGuuSxa1dN2nxgxS34JmKXqYx8CZAwEVoJFImUXIg==",
      "requires": {
        "ms": "2.1.2"
      }
    },
    "delayed-stream": {
      "version": "1.0.0",
      "resolved": "https://registry.npmjs.org/delayed-stream/-/delayed-stream-1.0.0.tgz",
      "integrity": "sha512-ZySD7Nf91aLB0RxL4KGrKHBXl7Eds1DAmEdcoVawXnLD7SDhpNgtuII2aAkg7a7QS41jxPSZ17p4VdGnMHk3MQ=="
    },
    "diagnostic-channel": {
      "version": "1.1.1",
      "resolved": "https://registry.npmjs.org/diagnostic-channel/-/diagnostic-channel-1.1.1.tgz",
      "integrity": "sha512-r2HV5qFkUICyoaKlBEpLKHjxMXATUf/l+h8UZPGBHGLy4DDiY2sOLcIctax4eRnTw5wH2jTMExLntGPJ8eOJxw==",
      "requires": {
        "semver": "^7.5.3"
      },
      "dependencies": {
        "semver": {
          "version": "7.6.3",
          "resolved": "https://registry.npmjs.org/semver/-/semver-7.6.3.tgz",
          "integrity": "sha512-oVekP1cKtI+CTDvHWYFUcMtsK/00wmAEfyqKfNdARm8u1wNVhSgaX7A8d4UuIlUI5e84iEwOhs7ZPYRmzU9U6A=="
        }
      }
    },
    "diagnostic-channel-publishers": {
      "version": "1.0.7",
      "resolved": "https://registry.npmjs.org/diagnostic-channel-publishers/-/diagnostic-channel-publishers-1.0.7.tgz",
      "integrity": "sha512-SEECbY5AiVt6DfLkhkaHNeshg1CogdLLANA8xlG/TKvS+XUgvIKl7VspJGYiEdL5OUyzMVnr7o0AwB7f+/Mjtg=="
    },
    "emitter-listener": {
      "version": "1.1.2",
      "resolved": "https://registry.npmjs.org/emitter-listener/-/emitter-listener-1.1.2.tgz",
      "integrity": "sha512-Bt1sBAGFHY9DKY+4/2cV6izcKJUf5T7/gkdmkxzX/qv9CcGH8xSwVRW5mtX03SWJtRTWSOpzCuWN9rBFYZepZQ==",
      "requires": {
        "shimmer": "^1.2.0"
      }
    },
    "esprima": {
      "version": "2.7.3",
      "resolved": "https://registry.npmjs.org/esprima/-/esprima-2.7.3.tgz",
      "integrity": "sha1-luO3DVd59q1JzQMmc9HDEnZ7pYE="
    },
    "follow-redirects": {
      "version": "1.15.8",
      "resolved": "https://registry.npmjs.org/follow-redirects/-/follow-redirects-1.15.8.tgz",
      "integrity": "sha512-xgrmBhBToVKay1q2Tao5LI26B83UhrB/vM1avwVSDzt8rx3rO6AizBAaF46EgksTVr+rFTQaqZZ9MVBfUe4nig=="
    },
    "form-data": {
      "version": "4.0.0",
      "resolved": "https://registry.npmjs.org/form-data/-/form-data-4.0.0.tgz",
      "integrity": "sha512-ETEklSGi5t0QMZuiXoA/Q6vcnxcLQP5vdugSpuAyi6SVGi2clPPp+xgEhuMaHC+zGgn31Kd235W35f7Hykkaww==",
      "requires": {
        "asynckit": "^0.4.0",
        "combined-stream": "^1.0.8",
        "mime-types": "^2.1.12"
      }
    },
    "fs.realpath": {
      "version": "1.0.0",
      "resolved": "https://registry.npmjs.org/fs.realpath/-/fs.realpath-1.0.0.tgz",
      "integrity": "sha512-OO0pH2lK6a0hZnAdau5ItzHPI6pUlvI7jMVnxUQRtw4owF2wk8lOSabtGDCTP4Ggrg2MbGnWO9X8K1t4+fGMDw=="
    },
    "function-bind": {
      "version": "1.1.2",
      "resolved": "https://registry.npmjs.org/function-bind/-/function-bind-1.1.2.tgz",
      "integrity": "sha512-7XHNxH7qX9xG5mIwxkhumTox/MIRNcOgDrxWsMt2pAr23WHp6MrRlN7FBSFpCpr+oVO0F744iUgR82nJMfG2SA=="
    },
    "glob": {
      "version": "7.2.3",
      "resolved": "https://registry.npmjs.org/glob/-/glob-7.2.3.tgz",
      "integrity": "sha512-nFR0zLpU2YCaRxwoCJvL6UvCH2JFyFVIvwTLsIf21AuHlMskA1hhTdk+LlYJtOlYt9v6dvszD2BGRqBL+iQK9Q==",
      "requires": {
        "fs.realpath": "^1.0.0",
        "inflight": "^1.0.4",
        "inherits": "2",
        "minimatch": "^3.1.1",
        "once": "^1.3.0",
        "path-is-absolute": "^1.0.0"
      },
      "dependencies": {
        "minimatch": {
          "version": "3.1.2",
          "resolved": "https://registry.npmjs.org/minimatch/-/minimatch-3.1.2.tgz",
          "integrity": "sha512-J7p63hRiAjw1NDEww1W7i37+ByIrOWO5XQQAzZ3VOcL0PNybwpfmV/N05zFAzwQ9USyEcX6t3UO+K5aqBQOIHw==",
          "requires": {
            "brace-expansion": "^1.1.7"
          }
        }
      }
    },
    "hasown": {
      "version": "2.0.2",
      "resolved": "https://registry.npmjs.org/hasown/-/hasown-2.0.2.tgz",
      "integrity": "sha512-0hJU9SCPvmMzIBdZFqNPXWa6dqh7WdH0cII9y+CyS8rG3nL48Bclra9HmKhVVUHyPWNH5Y7xDwAB7bfgSjkUMQ==",
      "requires": {
        "function-bind": "^1.1.2"
      }
    },
    "http-proxy-agent": {
      "version": "5.0.0",
      "resolved": "https://registry.npmjs.org/http-proxy-agent/-/http-proxy-agent-5.0.0.tgz",
      "integrity": "sha512-n2hY8YdoRE1i7r6M0w9DIw5GgZN0G25P8zLCRQ8rjXtTU3vsNFBI/vWK/UIeE6g5MUUz6avwAPXmL6Fy9D/90w==",
      "requires": {
        "@tootallnate/once": "2",
        "agent-base": "6",
        "debug": "4"
      }
    },
    "https-proxy-agent": {
      "version": "5.0.1",
      "resolved": "https://registry.npmjs.org/https-proxy-agent/-/https-proxy-agent-5.0.1.tgz",
      "integrity": "sha512-dFcAjpTQFgoLMzC2VwU+C/CbS7uRL0lWmxDITmqm7C+7F0Odmj6s9l6alZc6AELXhrnggM2CeWSXHGOdX2YtwA==",
      "requires": {
        "agent-base": "6",
        "debug": "4"
      }
    },
    "import-in-the-middle": {
      "version": "1.11.0",
      "resolved": "https://registry.npmjs.org/import-in-the-middle/-/import-in-the-middle-1.11.0.tgz",
      "integrity": "sha512-5DimNQGoe0pLUHbR9qK84iWaWjjbsxiqXnw6Qz64+azRgleqv9k2kTt5fw7QsOpmaGYtuxxursnPPsnTKEx10Q==",
      "requires": {
        "acorn": "^8.8.2",
        "acorn-import-attributes": "^1.9.5",
        "cjs-module-lexer": "^1.2.2",
        "module-details-from-path": "^1.0.3"
      }
    },
    "inflight": {
      "version": "1.0.6",
      "resolved": "https://registry.npmjs.org/inflight/-/inflight-1.0.6.tgz",
      "integrity": "sha512-k92I/b08q4wvFscXCLvqfsHCrjrF7yiXsQuIVvVE7N82W3+aqpzuUdBbfhWcy/FZR3/4IgflMgKLOsvPDrGCJA==",
      "requires": {
        "once": "^1.3.0",
        "wrappy": "1"
      }
    },
    "inherits": {
      "version": "2.0.4",
      "resolved": "https://registry.npmjs.org/inherits/-/inherits-2.0.4.tgz",
      "integrity": "sha512-k/vGaX4/Yla3WzyMCvTQOXYeIHvqOKtnqBduzTHpzpQZzAskKMhZ2K+EnBiSM9zGSoIFeMpXKxa4dYeZIQqewQ=="
    },
    "interpret": {
      "version": "1.4.0",
      "resolved": "https://registry.npmjs.org/interpret/-/interpret-1.4.0.tgz",
      "integrity": "sha512-agE4QfB2Lkp9uICn7BAqoscw4SZP9kTE2hxiFI3jBPmXJfdqiahTbUuKGsMoN2GtqL9AxhYioAcVvgsb1HvRbA=="
    },
    "is-core-module": {
      "version": "2.15.1",
      "resolved": "https://registry.npmjs.org/is-core-module/-/is-core-module-2.15.1.tgz",
      "integrity": "sha512-z0vtXSwucUJtANQWldhbtbt7BnL0vxiFjIdDLAatwhDYty2bad6s+rijD6Ri4YuYJubLzIJLUidCh09e1djEVQ==",
      "requires": {
        "hasown": "^2.0.2"
      }
    },
    "js-yaml": {
      "version": "3.6.1",
      "resolved": "https://registry.npmjs.org/js-yaml/-/js-yaml-3.6.1.tgz",
      "integrity": "sha1-bl/mfYsgXOTSL60Ft3geja3MSzA=",
      "requires": {
        "argparse": "^1.0.7",
        "esprima": "^2.6.0"
      }
    },
    "mime-db": {
      "version": "1.52.0",
      "resolved": "https://registry.npmjs.org/mime-db/-/mime-db-1.52.0.tgz",
      "integrity": "sha512-sPU4uV7dYlvtWJxwwxHD0PuihVNiE7TyAbQ5SWxDCB9mUYvOgroQOwYQQOKPJ8CIbE+1ETVlOoK1UC2nU3gYvg=="
    },
    "mime-types": {
      "version": "2.1.35",
      "resolved": "https://registry.npmjs.org/mime-types/-/mime-types-2.1.35.tgz",
      "integrity": "sha512-ZDY+bPm5zTTF+YpCrAU9nK0UgICYPT0QtT1NZWFv4s++TNkcgVaT0g6+4R2uI4MjQjzysHB1zxuWL50hzaeXiw==",
      "requires": {
        "mime-db": "1.52.0"
      }
    },
    "minimatch": {
      "version": "3.0.4",
      "resolved": "https://registry.npmjs.org/minimatch/-/minimatch-3.0.4.tgz",
      "integrity": "sha512-yJHVQEhyqPLUTgt9B83PXu6W3rx4MvvHvSUvToogpwoGDOUQ+yDrR0HRot+yOCdCO7u4hX3pWft6kWBBcqh0UA==",
      "requires": {
        "brace-expansion": "^1.1.7"
      }
    },
    "mockery": {
      "version": "1.7.0",
      "resolved": "https://registry.npmjs.org/mockery/-/mockery-1.7.0.tgz",
      "integrity": "sha1-9O3g2HUMHJcnwnLqLGBiniyaHE8="
    },
    "module-details-from-path": {
      "version": "1.0.3",
      "resolved": "https://registry.npmjs.org/module-details-from-path/-/module-details-from-path-1.0.3.tgz",
      "integrity": "sha512-ySViT69/76t8VhE1xXHK6Ch4NcDd26gx0MzKXLO+F7NOtnqH68d9zF94nT8ZWSxXh8ELOERsnJO/sWt1xZYw5A=="
    },
    "ms": {
      "version": "2.1.2",
      "resolved": "https://registry.npmjs.org/ms/-/ms-2.1.2.tgz",
      "integrity": "sha512-sGkPx+VjMtmA6MX27oA4FBFELFCZZ4S4XqeGOXCv68tT+jb3vk/RyaKWP0PTKyWtmLSM0b+adUTEvbs1PEaH2w=="
    },
    "nodejs-file-downloader": {
      "version": "4.13.0",
      "resolved": "https://registry.npmjs.org/nodejs-file-downloader/-/nodejs-file-downloader-4.13.0.tgz",
      "integrity": "sha512-nI2fKnmJWWFZF6SgMPe1iBodKhfpztLKJTtCtNYGhm/9QXmWa/Pk9Sv00qHgzEvNLe1x7hjGDRor7gcm/ChaIQ==",
      "requires": {
        "follow-redirects": "^1.15.6",
        "https-proxy-agent": "^5.0.0",
        "mime-types": "^2.1.27",
        "sanitize-filename": "^1.6.3"
      }
    },
    "once": {
      "version": "1.4.0",
      "resolved": "https://registry.npmjs.org/once/-/once-1.4.0.tgz",
      "integrity": "sha512-lNaJgI+2Q5URQBkccEKHTQOPaXdUxnZZElQTZY0MFUAuaEqe1E+Nyvgdz/aIyNi6Z9MzO5dv1H8n58/GELp3+w==",
      "requires": {
        "wrappy": "1"
      }
    },
    "path-is-absolute": {
      "version": "1.0.1",
      "resolved": "https://registry.npmjs.org/path-is-absolute/-/path-is-absolute-1.0.1.tgz",
      "integrity": "sha512-AVbw3UJ2e9bq64vSaS9Am0fje1Pa8pbGqTTsmXfaIiMpnr5DlDhfJOuLj9Sf95ZPVDAUerDfEk88MPmPe7UCQg=="
    },
    "path-parse": {
      "version": "1.0.7",
      "resolved": "https://registry.npmjs.org/path-parse/-/path-parse-1.0.7.tgz",
      "integrity": "sha512-LDJzPVEEEPR+y48z93A0Ed0yXb8pAByGWo/k5YYdYgpY2/2EsOsksJrq7lOHxryrVOn1ejG6oAp8ahvOIQD8sw=="
    },
    "q": {
      "version": "1.5.1",
      "resolved": "https://registry.npmjs.org/q/-/q-1.5.1.tgz",
      "integrity": "sha1-fjL3W0E4EpHQRhHxvxQQmsAGUdc="
    },
    "rechoir": {
      "version": "0.6.2",
      "resolved": "https://registry.npmjs.org/rechoir/-/rechoir-0.6.2.tgz",
      "integrity": "sha512-HFM8rkZ+i3zrV+4LQjwQ0W+ez98pApMGM3HUrN04j3CqzPOzl9nmP15Y8YXNm8QHGv/eacOVEjqhmWpkRV0NAw==",
      "requires": {
        "resolve": "^1.1.6"
      }
    },
    "require-in-the-middle": {
      "version": "7.4.0",
      "resolved": "https://registry.npmjs.org/require-in-the-middle/-/require-in-the-middle-7.4.0.tgz",
      "integrity": "sha512-X34iHADNbNDfr6OTStIAHWSAvvKQRYgLO6duASaVf7J2VA3lvmNYboAHOuLC2huav1IwgZJtyEcJCKVzFxOSMQ==",
      "requires": {
        "debug": "^4.3.5",
        "module-details-from-path": "^1.0.3",
        "resolve": "^1.22.8"
      }
    },
    "resolve": {
      "version": "1.22.8",
      "resolved": "https://registry.npmjs.org/resolve/-/resolve-1.22.8.tgz",
      "integrity": "sha512-oKWePCxqpd6FlLvGV1VU0x7bkPmmCNolxzjMf4NczoDnQcIWrAF+cPtZn5i6n+RfD2d9i0tzpKnG6Yk168yIyw==",
      "requires": {
        "is-core-module": "^2.13.0",
        "path-parse": "^1.0.7",
        "supports-preserve-symlinks-flag": "^1.0.0"
      }
    },
    "sanitize-filename": {
      "version": "1.6.3",
      "resolved": "https://registry.npmjs.org/sanitize-filename/-/sanitize-filename-1.6.3.tgz",
      "integrity": "sha512-y/52Mcy7aw3gRm7IrcGDFx/bCk4AhRh2eI9luHOQM86nZsqwiRkkq2GekHXBBD+SmPidc8i2PqtYZl+pWJ8Oeg==",
      "requires": {
        "truncate-utf8-bytes": "^1.0.0"
      }
    },
    "semver": {
      "version": "5.6.0",
      "resolved": "https://registry.npmjs.org/semver/-/semver-5.6.0.tgz",
      "integrity": "sha512-RS9R6R35NYgQn++fkDWaOmqGoj4Ek9gGs+DPxNUZKuwE183xjJroKvyo1IzVFeXvUrvmALy6FWD5xrdJT25gMg=="
    },
    "semver-compare": {
      "version": "1.0.0",
      "resolved": "https://registry.npmjs.org/semver-compare/-/semver-compare-1.0.0.tgz",
      "integrity": "sha1-De4hahyUGrN+nvsXiPavxf9VN/w="
    },
    "shelljs": {
      "version": "0.3.0",
      "resolved": "http://registry.npmjs.org/shelljs/-/shelljs-0.3.0.tgz",
      "integrity": "sha1-NZbmMHp4FUT1kfN9phg2DzHbV7E="
    },
    "shimmer": {
      "version": "1.2.1",
      "resolved": "https://registry.npmjs.org/shimmer/-/shimmer-1.2.1.tgz",
      "integrity": "sha512-sQTKC1Re/rM6XyFM6fIAGHRPVGvyXfgzIDvzoq608vM+jeyVD0Tu1E6Np0Kc2zAIFWIj963V2800iF/9LPieQw=="
    },
    "sprintf-js": {
      "version": "1.0.3",
      "resolved": "https://registry.npmjs.org/sprintf-js/-/sprintf-js-1.0.3.tgz",
      "integrity": "sha1-BOaSb2YolTVPPdAVIDYzuFcpfiw="
    },
    "stack-chain": {
      "version": "1.3.7",
      "resolved": "https://registry.npmjs.org/stack-chain/-/stack-chain-1.3.7.tgz",
      "integrity": "sha512-D8cWtWVdIe/jBA7v5p5Hwl5yOSOrmZPWDPe2KxQ5UAGD+nxbxU0lKXA4h85Ta6+qgdKVL3vUxsbIZjc1kBG7ug=="
    },
    "supports-preserve-symlinks-flag": {
      "version": "1.0.0",
      "resolved": "https://registry.npmjs.org/supports-preserve-symlinks-flag/-/supports-preserve-symlinks-flag-1.0.0.tgz",
      "integrity": "sha512-ot0WnXS9fgdkgIcePe6RHNk1WA8+muPa6cSjeR3V8K27q9BB1rTE3R1p7Hv0z1ZyAc8s6Vvv8DIyWf681MAt0w=="
    },
    "truncate-utf8-bytes": {
      "version": "1.0.2",
      "resolved": "https://registry.npmjs.org/truncate-utf8-bytes/-/truncate-utf8-bytes-1.0.2.tgz",
      "integrity": "sha512-95Pu1QXQvruGEhv62XCMO3Mm90GscOCClvrIUwCM0PYOXK3kaF3l3sIHxx71ThJfcbM2O5Au6SO3AWCSEfW4mQ==",
      "requires": {
        "utf8-byte-length": "^1.0.1"
      }
    },
    "tslib": {
      "version": "2.7.0",
      "resolved": "https://registry.npmjs.org/tslib/-/tslib-2.7.0.tgz",
      "integrity": "sha512-gLXCKdN1/j47AiHiOkJN69hJmcbGTHI0ImLmbYLHykhgeN0jVGola9yVjFgzCUklsZQMW55o+dW7IXv3RCXDzA=="
    },
    "tunnel": {
      "version": "0.0.4",
      "resolved": "https://registry.npmjs.org/tunnel/-/tunnel-0.0.4.tgz",
      "integrity": "sha1-LTeFoVjBdMmhbcLARuxfxfF0IhM="
    },
    "typed-rest-client": {
      "version": "0.12.0",
      "resolved": "https://registry.npmjs.org/typed-rest-client/-/typed-rest-client-0.12.0.tgz",
      "integrity": "sha1-Y3b1Un9CfaEh3K/f1+QeEyHgcgw=",
      "requires": {
        "tunnel": "0.0.4",
        "underscore": "1.8.3"
      }
    },
    "underscore": {
      "version": "1.8.3",
      "resolved": "https://registry.npmjs.org/underscore/-/underscore-1.8.3.tgz",
      "integrity": "sha1-Tz+1OxBuYJf8+ctBCfKl6b36UCI="
    },
    "utf8-byte-length": {
      "version": "1.0.5",
      "resolved": "https://registry.npmjs.org/utf8-byte-length/-/utf8-byte-length-1.0.5.tgz",
      "integrity": "sha512-Xn0w3MtiQ6zoz2vFyUVruaCL53O/DwUvkEeOvj+uulMm0BkUGYWmBYVyElqZaSLhY6ZD0ulfU3aBra2aVT4xfA=="
    },
    "utility-common": {
      "version": "file:../../_build/Tasks/Common/utility-common-1.0.2.tgz",
      "requires": {
        "js-yaml": "3.6.1",
        "semver": "^5.4.1",
        "vso-node-api": "6.5.0",
        "vsts-task-lib": "2.6.0",
        "vsts-task-tool-lib": "0.4.0"
      }
    },
    "uuid": {
      "version": "3.3.2",
      "resolved": "https://registry.npmjs.org/uuid/-/uuid-3.3.2.tgz",
      "integrity": "sha512-yXJmeNaw3DnnKAOKJE51sL/ZaYfWJRl1pK9dr19YFCu0ObS231AB1/LbqTKRAQ5kw8A90rA6fr4riOUpTZvQZA=="
    },
    "vso-node-api": {
      "version": "6.5.0",
      "resolved": "https://registry.npmjs.org/vso-node-api/-/vso-node-api-6.5.0.tgz",
      "integrity": "sha512-hFjPLMJkq02zF8U+LhZ4airH0ivaiKzGdlNAQlYFB3lWuGH/UANUrl63DVPUQOyGw+7ZNQ+ufM44T6mWN92xyg==",
      "requires": {
        "tunnel": "0.0.4",
        "typed-rest-client": "^0.12.0",
        "underscore": "1.8.3"
      }
    },
    "vsts-task-lib": {
      "version": "2.6.0",
      "resolved": "https://registry.npmjs.org/vsts-task-lib/-/vsts-task-lib-2.6.0.tgz",
      "integrity": "sha512-ja2qX4BIUvswcNbGtIoGo1SM5mRVc3Yaf7oM4oY64bNHs04chKfvH6f3cDDG0pd44OrZIGQE9LgECzeau6z2wA==",
      "requires": {
        "minimatch": "3.0.4",
        "mockery": "^1.7.0",
        "q": "^1.1.2",
        "semver": "^5.1.0",
        "shelljs": "^0.3.0",
        "uuid": "^3.0.1"
      }
    },
    "vsts-task-tool-lib": {
      "version": "0.4.0",
      "resolved": "https://registry.npmjs.org/vsts-task-tool-lib/-/vsts-task-tool-lib-0.4.0.tgz",
      "integrity": "sha1-zOtRxyh3yWTI5E3p7eovZfyKyPk=",
      "requires": {
        "semver": "^5.3.0",
        "semver-compare": "^1.0.0",
        "typed-rest-client": "^0.9.0",
        "uuid": "^3.0.1",
        "vsts-task-lib": "2.0.4-preview"
      },
      "dependencies": {
        "typed-rest-client": {
          "version": "0.9.0",
          "resolved": "https://registry.npmjs.org/typed-rest-client/-/typed-rest-client-0.9.0.tgz",
          "integrity": "sha1-92jMDcP06VDwbgSCXDaz54NKofI=",
          "requires": {
            "tunnel": "0.0.4",
            "underscore": "1.8.3"
          }
        },
        "vsts-task-lib": {
          "version": "2.0.4-preview",
          "resolved": "https://registry.npmjs.org/vsts-task-lib/-/vsts-task-lib-2.0.4-preview.tgz",
          "integrity": "sha1-nU63UAoL2a1Z429w8iqtxuK6+NI=",
          "requires": {
            "minimatch": "^3.0.0",
            "mockery": "^1.7.0",
            "q": "^1.1.2",
            "semver": "^5.1.0",
            "shelljs": "^0.3.0",
            "uuid": "^3.0.1"
          }
        }
      }
    },
    "wrappy": {
      "version": "1.0.2",
      "resolved": "https://registry.npmjs.org/wrappy/-/wrappy-1.0.2.tgz",
      "integrity": "sha512-l4Sp/DRseor9wL6EvV2+TuQn63dMkPjZ/sp9XkghTEbV9KlPS1xUsZ3u7/IQO4wxtcFB4bgpQPRcR3QCvezPcQ=="
    }
  }
}
